
Microsoft Visual Studio Solution File, Format Version 12.00
# Visual Studio Version 16
VisualStudioVersion = 16.0.31702.278
MinimumVisualStudioVersion = 10.0.40219.1
Project("{FAE04EC0-301F-11D3-BF4B-00C04F79EFBC}") = "inheritance_deel_2", "inheritance_deel_2\inheritance_deel_2.csproj", "{95E5F532-082A-44A3-BA1B-0ED592FBE7A0}"
EndProject
Global
	GlobalSection(SolutionConfigurationPlatforms) = preSolution
		Debug|Any CPU = Debug|Any CPU
		Release|Any CPU = Release|Any CPU
	EndGlobalSection
	GlobalSection(ProjectConfigurationPlatforms) = postSolution
		{95E5F532-082A-44A3-BA1B-0ED592FBE7A0}.Debug|Any CPU.ActiveCfg = Debug|Any CPU
		{95E5F532-082A-44A3-BA1B-0ED592FBE7A0}.Debug|Any CPU.Build.0 = Debug|Any CPU
		{95E5F532-082A-44A3-BA1B-0ED592FBE7A0}.Release|Any CPU.ActiveCfg = Release|Any CPU
		{95E5F532-082A-44A3-BA1B-0ED592FBE7A0}.Release|Any CPU.Build.0 = Release|Any CPU
	EndGlobalSection
	GlobalSection(SolutionProperties) = preSolution
		HideSolutionNode = FALSE
	EndGlobalSection
	GlobalSection(ExtensibilityGlobals) = postSolution
		SolutionGuid = {2C7A90F5-70D0-4F4D-9F0F-DF8CC0D5A88A}
	EndGlobalSection
EndGlobal
