
Microsoft Visual Studio Solution File, Format Version 12.00
# Visual Studio Version 16
VisualStudioVersion = 16.0.31727.386
MinimumVisualStudioVersion = 10.0.40219.1
Project("{9A19103F-16F7-4668-BE54-9A1E7A4F7556}") = "DebuggingTest", "DebuggingTest.csproj", "{FAC523B1-F759-448F-BB07-65D47BDF76C2}"
EndProject
Global
	GlobalSection(SolutionConfigurationPlatforms) = preSolution
		Debug|Any CPU = Debug|Any CPU
		Release|Any CPU = Release|Any CPU
	EndGlobalSection
	GlobalSection(ProjectConfigurationPlatforms) = postSolution
		{FAC523B1-F759-448F-BB07-65D47BDF76C2}.Debug|Any CPU.ActiveCfg = Debug|Any CPU
		{FAC523B1-F759-448F-BB07-65D47BDF76C2}.Debug|Any CPU.Build.0 = Debug|Any CPU
		{FAC523B1-F759-448F-BB07-65D47BDF76C2}.Release|Any CPU.ActiveCfg = Release|Any CPU
		{FAC523B1-F759-448F-BB07-65D47BDF76C2}.Release|Any CPU.Build.0 = Release|Any CPU
	EndGlobalSection
	GlobalSection(SolutionProperties) = preSolution
		HideSolutionNode = FALSE
	EndGlobalSection
	GlobalSection(ExtensibilityGlobals) = postSolution
		SolutionGuid = {636EB46A-3B39-4802-B5A6-30A4293F7AE4}
	EndGlobalSection
EndGlobal
